{
    "version": 3,
    "terraform_version": "0.11.10",
    "serial": 8,
    "lineage": "1c82d9b2-32bd-1384-fe37-7af7890b6a37",
    "modules": [
        {
            "path": [
                "root"
            ],
            "outputs": {},
            "resources": {
                "google_compute_instance.default": {
                    "type": "google_compute_instance",
                    "depends_on": [],
                    "primary": {
                        "id": "jenkins",
                        "attributes": {
                            "attached_disk.#": "0",
                            "boot_disk.#": "1",
                            "boot_disk.0.auto_delete": "true",
                            "boot_disk.0.device_name": "persistent-disk-0",
                            "boot_disk.0.disk_encryption_key_raw": "",
                            "boot_disk.0.disk_encryption_key_sha256": "",
                            "boot_disk.0.initialize_params.#": "1",
                            "boot_disk.0.initialize_params.0.image": "https://www.googleapis.com/compute/v1/projects/centos-cloud/global/images/centos-7-v20181011",
                            "boot_disk.0.initialize_params.0.size": "10",
                            "boot_disk.0.initialize_params.0.type": "pd-standard",
                            "boot_disk.0.source": "https://www.googleapis.com/compute/v1/projects/ferrous-byway-219509/zones/us-east1-b/disks/jenkins",
                            "can_ip_forward": "false",
                            "cpu_platform": "Intel Haswell",
                            "create_timeout": "4",
                            "deletion_protection": "false",
                            "guest_accelerator.#": "0",
                            "id": "jenkins",
                            "instance_id": "4523895510448336440",
                            "label_fingerprint": "42WmSpB8rSM=",
                            "labels.%": "0",
                            "machine_type": "n1-standard-1",
                            "metadata.%": "1",
                            "metadata.sshKeys": "terraform:ssh-rsa AAAAB3NzaC1yc2EAAAADAQABAAABAQDGsxYgWMl3JIiMcqxAuBMqsGywS2SdlKygltNPBUwfGOV2GoG2rUl97O/whzV2/9CtP/SmLqNDUjgaFFYnlI85KolsTKax2tSDoGnbbcLlASj5qFoXWy1fhuL7KuJXxaragbatqCzUTOvHWfH+wR95/8IBtQQmQm7xzEMG2lv4xkI6guAjHQuXop34AO49B1Ju7Hve4kaPgV5sU1A2f++Kumddy94rT4l9qckK/IIeRx7Favcaa/eJOs6Eq2mv4OrKb51SsX60qTB+EGgycnkMdeeNFNBWKYt056NN7FL3dZOlHsXNROxiHoUeepj55sBlrzCHAGl+/15rvJDY1cu1 zainmm786@jenkin\n",
                            "metadata_fingerprint": "LqvY8DxX0oE=",
                            "metadata_startup_script": "",
                            "min_cpu_platform": "",
                            "name": "jenkins",
                            "network_interface.#": "1",
                            "network_interface.0.access_config.#": "1",
                            "network_interface.0.access_config.0.assigned_nat_ip": "35.231.26.245",
                            "network_interface.0.access_config.0.nat_ip": "35.231.26.245",
                            "network_interface.0.access_config.0.network_tier": "PREMIUM",
                            "network_interface.0.access_config.0.public_ptr_domain_name": "",
                            "network_interface.0.address": "10.142.0.5",
                            "network_interface.0.alias_ip_range.#": "0",
                            "network_interface.0.name": "nic0",
                            "network_interface.0.network": "https://www.googleapis.com/compute/v1/projects/ferrous-byway-219509/global/networks/default",
                            "network_interface.0.network_ip": "10.142.0.5",
                            "network_interface.0.subnetwork": "https://www.googleapis.com/compute/v1/projects/ferrous-byway-219509/regions/us-east1/subnetworks/default",
                            "network_interface.0.subnetwork_project": "ferrous-byway-219509",
                            "project": "ferrous-byway-219509",
                            "scheduling.#": "1",
                            "scheduling.0.automatic_restart": "false",
                            "scheduling.0.on_host_maintenance": "MIGRATE",
                            "scheduling.0.preemptible": "false",
                            "scratch_disk.#": "0",
                            "self_link": "https://www.googleapis.com/compute/v1/projects/ferrous-byway-219509/zones/us-east1-b/instances/jenkins",
                            "service_account.#": "0",
                            "tags.#": "1",
                            "tags.1438809362": "jenkins",
                            "tags_fingerprint": "4l7--0t2PzY=",
                            "zone": "us-east1-b"
                        },
                        "meta": {
                            "e2bfb730-ecaa-11e6-8f88-34363bc7c4c0": {
                                "create": 360000000000,
                                "delete": 360000000000,
                                "update": 360000000000
                            },
                            "schema_version": "6"
                        },
                        "tainted": false
                    },
                    "deposed": [],
                    "provider": "provider.google"
                }
            },
            "depends_on": []
        }
    ]
}
